
Microsoft Visual Studio Solution File, Format Version 12.00
# Visual Studio 15
VisualStudioVersion = 15.0.27130.2027
MinimumVisualStudioVersion = 10.0.40219.1
Project("{FAE04EC0-301F-11D3-BF4B-00C04F79EFBC}") = "UEPP", "UEPP\UEPP.csproj", "{99127326-016F-4C2F-901E-DC86B4B6A026}"
EndProject
Global
	GlobalSection(SolutionConfigurationPlatforms) = preSolution
		Debug|Any CPU = Debug|Any CPU
		Release|Any CPU = Release|Any CPU
	EndGlobalSection
	GlobalSection(ProjectConfigurationPlatforms) = postSolution
		{99127326-016F-4C2F-901E-DC86B4B6A026}.Debug|Any CPU.ActiveCfg = Debug|Any CPU
		{99127326-016F-4C2F-901E-DC86B4B6A026}.Debug|Any CPU.Build.0 = Debug|Any CPU
		{99127326-016F-4C2F-901E-DC86B4B6A026}.Release|Any CPU.ActiveCfg = Release|Any CPU
		{99127326-016F-4C2F-901E-DC86B4B6A026}.Release|Any CPU.Build.0 = Release|Any CPU
	EndGlobalSection
	GlobalSection(SolutionProperties) = preSolution
		HideSolutionNode = FALSE
	EndGlobalSection
	GlobalSection(ExtensibilityGlobals) = postSolution
		SolutionGuid = {6D85DD47-E444-4CA6-A23A-F622378BD44B}
	EndGlobalSection
EndGlobal
