
Microsoft Visual Studio Solution File, Format Version 12.00
# Visual Studio 15
VisualStudioVersion = 15.0.27130.2027
MinimumVisualStudioVersion = 10.0.40219.1
Project("{FAE04EC0-301F-11D3-BF4B-00C04F79EFBC}") = "uepp2", "uepp2\uepp2.csproj", "{D1DAD1CB-0613-427A-A3BA-2610023F12F4}"
EndProject
Global
	GlobalSection(SolutionConfigurationPlatforms) = preSolution
		Debug|Any CPU = Debug|Any CPU
		Release|Any CPU = Release|Any CPU
	EndGlobalSection
	GlobalSection(ProjectConfigurationPlatforms) = postSolution
		{D1DAD1CB-0613-427A-A3BA-2610023F12F4}.Debug|Any CPU.ActiveCfg = Debug|Any CPU
		{D1DAD1CB-0613-427A-A3BA-2610023F12F4}.Debug|Any CPU.Build.0 = Debug|Any CPU
		{D1DAD1CB-0613-427A-A3BA-2610023F12F4}.Release|Any CPU.ActiveCfg = Release|Any CPU
		{D1DAD1CB-0613-427A-A3BA-2610023F12F4}.Release|Any CPU.Build.0 = Release|Any CPU
	EndGlobalSection
	GlobalSection(SolutionProperties) = preSolution
		HideSolutionNode = FALSE
	EndGlobalSection
	GlobalSection(ExtensibilityGlobals) = postSolution
		SolutionGuid = {451FADFE-0962-4CD2-BC4E-E4C46857E23B}
	EndGlobalSection
EndGlobal
